// !$*UTF8*$!
{
	archiveVersion = 1;
	classes = {
	};
	objectVersion = 56;
	objects = {

/* Begin PBXBuildFile section */
		4506DBE12AA00588008F2BFC /* youtube_Controller.swift in Sources */ = {isa = PBXBuildFile; fileRef = 4506DBE02AA00588008F2BFC /* youtube_Controller.swift */; };
		4506DBE32AA01EAB008F2BFC /* design.xcassets in Resources */ = {isa = PBXBuildFile; fileRef = 4506DBE22AA01EAB008F2BFC /* design.xcassets */; };
		4506DBE52AA0AD56008F2BFC /* TabBar_Controller.swift in Sources */ = {isa = PBXBuildFile; fileRef = 4506DBE42AA0AD56008F2BFC /* TabBar_Controller.swift */; };
		4506DBE72AA0B749008F2BFC /* youtube_alram_Controller.swift in Sources */ = {isa = PBXBuildFile; fileRef = 4506DBE62AA0B749008F2BFC /* youtube_alram_Controller.swift */; };
		4506DBEA2AA0B954008F2BFC /* WebKit.framework in Frameworks */ = {isa = PBXBuildFile; fileRef = 4506DBE92AA0B954008F2BFC /* WebKit.framework */; };
		45C4C9E92AA358BD00261B63 /* youtube_site.swift in Sources */ = {isa = PBXBuildFile; fileRef = 45C4C9E82AA358BD00261B63 /* youtube_site.swift */; };
		45C4C9ED2AA481D300261B63 /* ampm_pick_class.swift in Sources */ = {isa = PBXBuildFile; fileRef = 45C4C9EC2AA481D300261B63 /* ampm_pick_class.swift */; };
		45C4C9EF2AA481DA00261B63 /* hour_pick_class.swift in Sources */ = {isa = PBXBuildFile; fileRef = 45C4C9EE2AA481DA00261B63 /* hour_pick_class.swift */; };
		45C4C9F12AA481DF00261B63 /* minutes_pick_class.swift in Sources */ = {isa = PBXBuildFile; fileRef = 45C4C9F02AA481DF00261B63 /* minutes_pick_class.swift */; };
		45E6FE9B2A9F67E2003F7E2B /* AppDelegate.swift in Sources */ = {isa = PBXBuildFile; fileRef = 45E6FE9A2A9F67E2003F7E2B /* AppDelegate.swift */; };
		45E6FE9D2A9F67E2003F7E2B /* SceneDelegate.swift in Sources */ = {isa = PBXBuildFile; fileRef = 45E6FE9C2A9F67E2003F7E2B /* SceneDelegate.swift */; };
		45E6FE9F2A9F67E2003F7E2B /* ViewController.swift in Sources */ = {isa = PBXBuildFile; fileRef = 45E6FE9E2A9F67E2003F7E2B /* ViewController.swift */; };
		45E6FEA22A9F67E2003F7E2B /* Main.storyboard in Resources */ = {isa = PBXBuildFile; fileRef = 45E6FEA02A9F67E2003F7E2B /* Main.storyboard */; };
		45E6FEA52A9F67E2003F7E2B /* alarm.xcdatamodeld in Sources */ = {isa = PBXBuildFile; fileRef = 45E6FEA32A9F67E2003F7E2B /* alarm.xcdatamodeld */; };
		45E6FEA72A9F67E3003F7E2B /* Assets.xcassets in Resources */ = {isa = PBXBuildFile; fileRef = 45E6FEA62A9F67E3003F7E2B /* Assets.xcassets */; };
		45E6FEAA2A9F67E3003F7E2B /* LaunchScreen.storyboard in Resources */ = {isa = PBXBuildFile; fileRef = 45E6FEA82A9F67E3003F7E2B /* LaunchScreen.storyboard */; };
		45E6FEB52A9F67E3003F7E2B /* alarmTests.swift in Sources */ = {isa = PBXBuildFile; fileRef = 45E6FEB42A9F67E3003F7E2B /* alarmTests.swift */; };
		45E6FEBF2A9F67E3003F7E2B /* alarmUITests.swift in Sources */ = {isa = PBXBuildFile; fileRef = 45E6FEBE2A9F67E3003F7E2B /* alarmUITests.swift */; };
		45E6FEC12A9F67E3003F7E2B /* alarmUITestsLaunchTests.swift in Sources */ = {isa = PBXBuildFile; fileRef = 45E6FEC02A9F67E3003F7E2B /* alarmUITestsLaunchTests.swift */; };
/* End PBXBuildFile section */

/* Begin PBXContainerItemProxy section */
		45E6FEB12A9F67E3003F7E2B /* PBXContainerItemProxy */ = {
			isa = PBXContainerItemProxy;
			containerPortal = 45E6FE8F2A9F67E2003F7E2B /* Project object */;
			proxyType = 1;
			remoteGlobalIDString = 45E6FE962A9F67E2003F7E2B;
			remoteInfo = alarm;
		};
		45E6FEBB2A9F67E3003F7E2B /* PBXContainerItemProxy */ = {
			isa = PBXContainerItemProxy;
			containerPortal = 45E6FE8F2A9F67E2003F7E2B /* Project object */;
			proxyType = 1;
			remoteGlobalIDString = 45E6FE962A9F67E2003F7E2B;
			remoteInfo = alarm;
		};
/* End PBXContainerItemProxy section */

/* Begin PBXFileReference section */
		4506DBE02AA00588008F2BFC /* youtube_Controller.swift */ = {isa = PBXFileReference; lastKnownFileType = sourcecode.swift; path = youtube_Controller.swift; sourceTree = "<group>"; };
		4506DBE22AA01EAB008F2BFC /* design.xcassets */ = {isa = PBXFileReference; lastKnownFileType = folder.assetcatalog; path = design.xcassets; sourceTree = "<group>"; };
		4506DBE42AA0AD56008F2BFC /* TabBar_Controller.swift */ = {isa = PBXFileReference; lastKnownFileType = sourcecode.swift; path = TabBar_Controller.swift; sourceTree = "<group>"; };
		4506DBE62AA0B749008F2BFC /* youtube_alram_Controller.swift */ = {isa = PBXFileReference; lastKnownFileType = sourcecode.swift; path = youtube_alram_Controller.swift; sourceTree = "<group>"; };
		4506DBE92AA0B954008F2BFC /* WebKit.framework */ = {isa = PBXFileReference; lastKnownFileType = wrapper.framework; name = WebKit.framework; path = System/Library/Frameworks/WebKit.framework; sourceTree = SDKROOT; };
		45C4C9E82AA358BD00261B63 /* youtube_site.swift */ = {isa = PBXFileReference; lastKnownFileType = sourcecode.swift; path = youtube_site.swift; sourceTree = "<group>"; };
		45C4C9EC2AA481D300261B63 /* ampm_pick_class.swift */ = {isa = PBXFileReference; fileEncoding = 4; lastKnownFileType = sourcecode.swift; path = ampm_pick_class.swift; sourceTree = "<group>"; };
		45C4C9EE2AA481DA00261B63 /* hour_pick_class.swift */ = {isa = PBXFileReference; fileEncoding = 4; lastKnownFileType = sourcecode.swift; path = hour_pick_class.swift; sourceTree = "<group>"; };
		45C4C9F02AA481DF00261B63 /* minutes_pick_class.swift */ = {isa = PBXFileReference; fileEncoding = 4; lastKnownFileType = sourcecode.swift; path = minutes_pick_class.swift; sourceTree = SOURCE_ROOT; };
		45E6FE972A9F67E2003F7E2B /* alarm.app */ = {isa = PBXFileReference; explicitFileType = wrapper.application; includeInIndex = 0; path = alarm.app; sourceTree = BUILT_PRODUCTS_DIR; };
		45E6FE9A2A9F67E2003F7E2B /* AppDelegate.swift */ = {isa = PBXFileReference; lastKnownFileType = sourcecode.swift; path = AppDelegate.swift; sourceTree = "<group>"; };
		45E6FE9C2A9F67E2003F7E2B /* SceneDelegate.swift */ = {isa = PBXFileReference; lastKnownFileType = sourcecode.swift; path = SceneDelegate.swift; sourceTree = "<group>"; };
		45E6FE9E2A9F67E2003F7E2B /* ViewController.swift */ = {isa = PBXFileReference; lastKnownFileType = sourcecode.swift; path = ViewController.swift; sourceTree = "<group>"; };
		45E6FEA12A9F67E2003F7E2B /* Base */ = {isa = PBXFileReference; lastKnownFileType = file.storyboard; name = Base; path = Base.lproj/Main.storyboard; sourceTree = "<group>"; };
		45E6FEA42A9F67E2003F7E2B /* alarm.xcdatamodel */ = {isa = PBXFileReference; lastKnownFileType = wrapper.xcdatamodel; path = alarm.xcdatamodel; sourceTree = "<group>"; };
		45E6FEA62A9F67E3003F7E2B /* Assets.xcassets */ = {isa = PBXFileReference; lastKnownFileType = folder.assetcatalog; path = Assets.xcassets; sourceTree = "<group>"; };
		45E6FEA92A9F67E3003F7E2B /* Base */ = {isa = PBXFileReference; lastKnownFileType = file.storyboard; name = Base; path = Base.lproj/LaunchScreen.storyboard; sourceTree = "<group>"; };
		45E6FEAB2A9F67E3003F7E2B /* Info.plist */ = {isa = PBXFileReference; lastKnownFileType = text.plist.xml; path = Info.plist; sourceTree = "<group>"; };
		45E6FEB02A9F67E3003F7E2B /* alarmTests.xctest */ = {isa = PBXFileReference; explicitFileType = wrapper.cfbundle; includeInIndex = 0; path = alarmTests.xctest; sourceTree = BUILT_PRODUCTS_DIR; };
		45E6FEB42A9F67E3003F7E2B /* alarmTests.swift */ = {isa = PBXFileReference; lastKnownFileType = sourcecode.swift; path = alarmTests.swift; sourceTree = "<group>"; };
		45E6FEBA2A9F67E3003F7E2B /* alarmUITests.xctest */ = {isa = PBXFileReference; explicitFileType = wrapper.cfbundle; includeInIndex = 0; path = alarmUITests.xctest; sourceTree = BUILT_PRODUCTS_DIR; };
		45E6FEBE2A9F67E3003F7E2B /* alarmUITests.swift */ = {isa = PBXFileReference; lastKnownFileType = sourcecode.swift; path = alarmUITests.swift; sourceTree = "<group>"; };
		45E6FEC02A9F67E3003F7E2B /* alarmUITestsLaunchTests.swift */ = {isa = PBXFileReference; lastKnownFileType = sourcecode.swift; path = alarmUITestsLaunchTests.swift; sourceTree = "<group>"; };
/* End PBXFileReference section */

/* Begin PBXFrameworksBuildPhase section */
		45E6FE942A9F67E2003F7E2B /* Frameworks */ = {
			isa = PBXFrameworksBuildPhase;
			buildActionMask = 2147483647;
			files = (
				4506DBEA2AA0B954008F2BFC /* WebKit.framework in Frameworks */,
			);
			runOnlyForDeploymentPostprocessing = 0;
		};
		45E6FEAD2A9F67E3003F7E2B /* Frameworks */ = {
			isa = PBXFrameworksBuildPhase;
			buildActionMask = 2147483647;
			files = (
			);
			runOnlyForDeploymentPostprocessing = 0;
		};
		45E6FEB72A9F67E3003F7E2B /* Frameworks */ = {
			isa = PBXFrameworksBuildPhase;
			buildActionMask = 2147483647;
			files = (
			);
			runOnlyForDeploymentPostprocessing = 0;
		};
/* End PBXFrameworksBuildPhase section */

/* Begin PBXGroup section */
		4506DBE82AA0B954008F2BFC /* Frameworks */ = {
			isa = PBXGroup;
			children = (
				4506DBE92AA0B954008F2BFC /* WebKit.framework */,
			);
			name = Frameworks;
			sourceTree = "<group>";
		};
		45E6FE8E2A9F67E2003F7E2B = {
			isa = PBXGroup;
			children = (
				45C4C9E82AA358BD00261B63 /* youtube_site.swift */,
				4506DBE62AA0B749008F2BFC /* youtube_alram_Controller.swift */,
				4506DBE42AA0AD56008F2BFC /* TabBar_Controller.swift */,
				4506DBE22AA01EAB008F2BFC /* design.xcassets */,
				4506DBE02AA00588008F2BFC /* youtube_Controller.swift */,
				45C4C9EC2AA481D300261B63 /* ampm_pick_class.swift */,
				45C4C9EE2AA481DA00261B63 /* hour_pick_class.swift */,
				45C4C9F02AA481DF00261B63 /* minutes_pick_class.swift */,
				45E6FE992A9F67E2003F7E2B /* alarm */,
				45E6FEB32A9F67E3003F7E2B /* alarmTests */,
				45E6FEBD2A9F67E3003F7E2B /* alarmUITests */,
				45E6FE982A9F67E2003F7E2B /* Products */,
				4506DBE82AA0B954008F2BFC /* Frameworks */,
			);
			sourceTree = "<group>";
		};
		45E6FE982A9F67E2003F7E2B /* Products */ = {
			isa = PBXGroup;
			children = (
				45E6FE972A9F67E2003F7E2B /* alarm.app */,
				45E6FEB02A9F67E3003F7E2B /* alarmTests.xctest */,
				45E6FEBA2A9F67E3003F7E2B /* alarmUITests.xctest */,
			);
			name = Products;
			sourceTree = "<group>";
		};
		45E6FE992A9F67E2003F7E2B /* alarm */ = {
			isa = PBXGroup;
			children = (
				45E6FE9A2A9F67E2003F7E2B /* AppDelegate.swift */,
				45E6FE9C2A9F67E2003F7E2B /* SceneDelegate.swift */,
				45E6FE9E2A9F67E2003F7E2B /* ViewController.swift */,
				45E6FEA02A9F67E2003F7E2B /* Main.storyboard */,
				45E6FEA62A9F67E3003F7E2B /* Assets.xcassets */,
				45E6FEA82A9F67E3003F7E2B /* LaunchScreen.storyboard */,
				45E6FEAB2A9F67E3003F7E2B /* Info.plist */,
				45E6FEA32A9F67E2003F7E2B /* alarm.xcdatamodeld */,
			);
			path = alarm;
			sourceTree = "<group>";
		};
		45E6FEB32A9F67E3003F7E2B /* alarmTests */ = {
			isa = PBXGroup;
			children = (
				45E6FEB42A9F67E3003F7E2B /* alarmTests.swift */,
			);
			path = alarmTests;
			sourceTree = "<group>";
		};
		45E6FEBD2A9F67E3003F7E2B /* alarmUITests */ = {
			isa = PBXGroup;
			children = (
				45E6FEBE2A9F67E3003F7E2B /* alarmUITests.swift */,
				45E6FEC02A9F67E3003F7E2B /* alarmUITestsLaunchTests.swift */,
			);
			path = alarmUITests;
			sourceTree = "<group>";
		};
/* End PBXGroup section */

/* Begin PBXNativeTarget section */
		45E6FE962A9F67E2003F7E2B /* alarm */ = {
			isa = PBXNativeTarget;
			buildConfigurationList = 45E6FEC42A9F67E3003F7E2B /* Build configuration list for PBXNativeTarget "alarm" */;
			buildPhases = (
				45E6FE932A9F67E2003F7E2B /* Sources */,
				45E6FE942A9F67E2003F7E2B /* Frameworks */,
				45E6FE952A9F67E2003F7E2B /* Resources */,
			);
			buildRules = (
			);
			dependencies = (
			);
			name = alarm;
			productName = alarm;
			productReference = 45E6FE972A9F67E2003F7E2B /* alarm.app */;
			productType = "com.apple.product-type.application";
		};
		45E6FEAF2A9F67E3003F7E2B /* alarmTests */ = {
			isa = PBXNativeTarget;
			buildConfigurationList = 45E6FEC72A9F67E3003F7E2B /* Build configuration list for PBXNativeTarget "alarmTests" */;
			buildPhases = (
				45E6FEAC2A9F67E3003F7E2B /* Sources */,
				45E6FEAD2A9F67E3003F7E2B /* Frameworks */,
				45E6FEAE2A9F67E3003F7E2B /* Resources */,
			);
			buildRules = (
			);
			dependencies = (
				45E6FEB22A9F67E3003F7E2B /* PBXTargetDependency */,
			);
			name = alarmTests;
			productName = alarmTests;
			productReference = 45E6FEB02A9F67E3003F7E2B /* alarmTests.xctest */;
			productType = "com.apple.product-type.bundle.unit-test";
		};
		45E6FEB92A9F67E3003F7E2B /* alarmUITests */ = {
			isa = PBXNativeTarget;
			buildConfigurationList = 45E6FECA2A9F67E3003F7E2B /* Build configuration list for PBXNativeTarget "alarmUITests" */;
			buildPhases = (
				45E6FEB62A9F67E3003F7E2B /* Sources */,
				45E6FEB72A9F67E3003F7E2B /* Frameworks */,
				45E6FEB82A9F67E3003F7E2B /* Resources */,
			);
			buildRules = (
			);
			dependencies = (
				45E6FEBC2A9F67E3003F7E2B /* PBXTargetDependency */,
			);
			name = alarmUITests;
			productName = alarmUITests;
			productReference = 45E6FEBA2A9F67E3003F7E2B /* alarmUITests.xctest */;
			productType = "com.apple.product-type.bundle.ui-testing";
		};
/* End PBXNativeTarget section */

/* Begin PBXProject section */
		45E6FE8F2A9F67E2003F7E2B /* Project object */ = {
			isa = PBXProject;
			attributes = {
				BuildIndependentTargetsInParallel = 1;
				LastSwiftUpdateCheck = 1430;
				LastUpgradeCheck = 1430;
				TargetAttributes = {
					45E6FE962A9F67E2003F7E2B = {
						CreatedOnToolsVersion = 14.3.1;
					};
					45E6FEAF2A9F67E3003F7E2B = {
						CreatedOnToolsVersion = 14.3.1;
						TestTargetID = 45E6FE962A9F67E2003F7E2B;
					};
					45E6FEB92A9F67E3003F7E2B = {
						CreatedOnToolsVersion = 14.3.1;
						TestTargetID = 45E6FE962A9F67E2003F7E2B;
					};
				};
			};
			buildConfigurationList = 45E6FE922A9F67E2003F7E2B /* Build configuration list for PBXProject "alarm" */;
			compatibilityVersion = "Xcode 14.0";
			developmentRegion = en;
			hasScannedForEncodings = 0;
			knownRegions = (
				en,
				Base,
			);
			mainGroup = 45E6FE8E2A9F67E2003F7E2B;
			productRefGroup = 45E6FE982A9F67E2003F7E2B /* Products */;
			projectDirPath = "";
			projectRoot = "";
			targets = (
				45E6FE962A9F67E2003F7E2B /* alarm */,
				45E6FEAF2A9F67E3003F7E2B /* alarmTests */,
				45E6FEB92A9F67E3003F7E2B /* alarmUITests */,
			);
		};
/* End PBXProject section */

/* Begin PBXResourcesBuildPhase section */
		45E6FE952A9F67E2003F7E2B /* Resources */ = {
			isa = PBXResourcesBuildPhase;
			buildActionMask = 2147483647;
			files = (
				45E6FEAA2A9F67E3003F7E2B /* LaunchScreen.storyboard in Resources */,
				4506DBE32AA01EAB008F2BFC /* design.xcassets in Resources */,
				45E6FEA72A9F67E3003F7E2B /* Assets.xcassets in Resources */,
				45E6FEA22A9F67E2003F7E2B /* Main.storyboard in Resources */,
			);
			runOnlyForDeploymentPostprocessing = 0;
		};
		45E6FEAE2A9F67E3003F7E2B /* Resources */ = {
			isa = PBXResourcesBuildPhase;
			buildActionMask = 2147483647;
			files = (
			);
			runOnlyForDeploymentPostprocessing = 0;
		};
		45E6FEB82A9F67E3003F7E2B /* Resources */ = {
			isa = PBXResourcesBuildPhase;
			buildActionMask = 2147483647;
			files = (
			);
			runOnlyForDeploymentPostprocessing = 0;
		};
/* End PBXResourcesBuildPhase section */

/* Begin PBXSourcesBuildPhase section */
		45E6FE932A9F67E2003F7E2B /* Sources */ = {
			isa = PBXSourcesBuildPhase;
			buildActionMask = 2147483647;
			files = (
				4506DBE12AA00588008F2BFC /* youtube_Controller.swift in Sources */,
				45E6FE9F2A9F67E2003F7E2B /* ViewController.swift in Sources */,
				45C4C9ED2AA481D300261B63 /* ampm_pick_class.swift in Sources */,
				45C4C9EF2AA481DA00261B63 /* hour_pick_class.swift in Sources */,
				45E6FE9B2A9F67E2003F7E2B /* AppDelegate.swift in Sources */,
				45C4C9F12AA481DF00261B63 /* minutes_pick_class.swift in Sources */,
				4506DBE52AA0AD56008F2BFC /* TabBar_Controller.swift in Sources */,
				45C4C9E92AA358BD00261B63 /* youtube_site.swift in Sources */,
				45E6FE9D2A9F67E2003F7E2B /* SceneDelegate.swift in Sources */,
				45E6FEA52A9F67E2003F7E2B /* alarm.xcdatamodeld in Sources */,
				4506DBE72AA0B749008F2BFC /* youtube_alram_Controller.swift in Sources */,
			);
			runOnlyForDeploymentPostprocessing = 0;
		};
		45E6FEAC2A9F67E3003F7E2B /* Sources */ = {
			isa = PBXSourcesBuildPhase;
			buildActionMask = 2147483647;
			files = (
				45E6FEB52A9F67E3003F7E2B /* alarmTests.swift in Sources */,
			);
			runOnlyForDeploymentPostprocessing = 0;
		};
		45E6FEB62A9F67E3003F7E2B /* Sources */ = {
			isa = PBXSourcesBuildPhase;
			buildActionMask = 2147483647;
			files = (
				45E6FEC12A9F67E3003F7E2B /* alarmUITestsLaunchTests.swift in Sources */,
				45E6FEBF2A9F67E3003F7E2B /* alarmUITests.swift in Sources */,
			);
			runOnlyForDeploymentPostprocessing = 0;
		};
/* End PBXSourcesBuildPhase section */

/* Begin PBXTargetDependency section */
		45E6FEB22A9F67E3003F7E2B /* PBXTargetDependency */ = {
			isa = PBXTargetDependency;
			target = 45E6FE962A9F67E2003F7E2B /* alarm */;
			targetProxy = 45E6FEB12A9F67E3003F7E2B /* PBXContainerItemProxy */;
		};
		45E6FEBC2A9F67E3003F7E2B /* PBXTargetDependency */ = {
			isa = PBXTargetDependency;
			target = 45E6FE962A9F67E2003F7E2B /* alarm */;
			targetProxy = 45E6FEBB2A9F67E3003F7E2B /* PBXContainerItemProxy */;
		};
/* End PBXTargetDependency section */

/* Begin PBXVariantGroup section */
		45E6FEA02A9F67E2003F7E2B /* Main.storyboard */ = {
			isa = PBXVariantGroup;
			children = (
				45E6FEA12A9F67E2003F7E2B /* Base */,
			);
			name = Main.storyboard;
			sourceTree = "<group>";
		};
		45E6FEA82A9F67E3003F7E2B /* LaunchScreen.storyboard */ = {
			isa = PBXVariantGroup;
			children = (
				45E6FEA92A9F67E3003F7E2B /* Base */,
			);
			name = LaunchScreen.storyboard;
			sourceTree = "<group>";
		};
/* End PBXVariantGroup section */

/* Begin XCBuildConfiguration section */
		45E6FEC22A9F67E3003F7E2B /* Debug */ = {
			isa = XCBuildConfiguration;
			buildSettings = {
				ALWAYS_SEARCH_USER_PATHS = NO;
				CLANG_ANALYZER_NONNULL = YES;
				CLANG_ANALYZER_NUMBER_OBJECT_CONVERSION = YES_AGGRESSIVE;
				CLANG_CXX_LANGUAGE_STANDARD = "gnu++20";
				CLANG_ENABLE_MODULES = YES;
				CLANG_ENABLE_OBJC_ARC = YES;
				CLANG_ENABLE_OBJC_WEAK = YES;
				CLANG_WARN_BLOCK_CAPTURE_AUTORELEASING = YES;
				CLANG_WARN_BOOL_CONVERSION = YES;
				CLANG_WARN_COMMA = YES;
				CLANG_WARN_CONSTANT_CONVERSION = YES;
				CLANG_WARN_DEPRECATED_OBJC_IMPLEMENTATIONS = YES;
				CLANG_WARN_DIRECT_OBJC_ISA_USAGE = YES_ERROR;
				CLANG_WARN_DOCUMENTATION_COMMENTS = YES;
				CLANG_WARN_EMPTY_BODY = YES;
				CLANG_WARN_ENUM_CONVERSION = YES;
				CLANG_WARN_INFINITE_RECURSION = YES;
				CLANG_WARN_INT_CONVERSION = YES;
				CLANG_WARN_NON_LITERAL_NULL_CONVERSION = YES;
				CLANG_WARN_OBJC_IMPLICIT_RETAIN_SELF = YES;
				CLANG_WARN_OBJC_LITERAL_CONVERSION = YES;
				CLANG_WARN_OBJC_ROOT_CLASS = YES_ERROR;
				CLANG_WARN_QUOTED_INCLUDE_IN_FRAMEWORK_HEADER = YES;
				CLANG_WARN_RANGE_LOOP_ANALYSIS = YES;
				CLANG_WARN_STRICT_PROTOTYPES = YES;
				CLANG_WARN_SUSPICIOUS_MOVE = YES;
				CLANG_WARN_UNGUARDED_AVAILABILITY = YES_AGGRESSIVE;
				CLANG_WARN_UNREACHABLE_CODE = YES;
				CLANG_WARN__DUPLICATE_METHOD_MATCH = YES;
				COPY_PHASE_STRIP = NO;
				DEBUG_INFORMATION_FORMAT = dwarf;
				ENABLE_STRICT_OBJC_MSGSEND = YES;
				ENABLE_TESTABILITY = YES;
				GCC_C_LANGUAGE_STANDARD = gnu11;
				GCC_DYNAMIC_NO_PIC = NO;
				GCC_NO_COMMON_BLOCKS = YES;
				GCC_OPTIMIZATION_LEVEL = 0;
				GCC_PREPROCESSOR_DEFINITIONS = (
					"DEBUG=1",
					"$(inherited)",
				);
				GCC_WARN_64_TO_32_BIT_CONVERSION = YES;
				GCC_WARN_ABOUT_RETURN_TYPE = YES_ERROR;
				GCC_WARN_UNDECLARED_SELECTOR = YES;
				GCC_WARN_UNINITIALIZED_AUTOS = YES_AGGRESSIVE;
				GCC_WARN_UNUSED_FUNCTION = YES;
				GCC_WARN_UNUSED_VARIABLE = YES;
				IPHONEOS_DEPLOYMENT_TARGET = 16.4;
				MTL_ENABLE_DEBUG_INFO = INCLUDE_SOURCE;
				MTL_FAST_MATH = YES;
				ONLY_ACTIVE_ARCH = YES;
				SDKROOT = iphoneos;
				SWIFT_ACTIVE_COMPILATION_CONDITIONS = DEBUG;
				SWIFT_OPTIMIZATION_LEVEL = "-Onone";
			};
			name = Debug;
		};
		45E6FEC32A9F67E3003F7E2B /* Release */ = {
			isa = XCBuildConfiguration;
			buildSettings = {
				ALWAYS_SEARCH_USER_PATHS = NO;
				CLANG_ANALYZER_NONNULL = YES;
				CLANG_ANALYZER_NUMBER_OBJECT_CONVERSION = YES_AGGRESSIVE;
				CLANG_CXX_LANGUAGE_STANDARD = "gnu++20";
				CLANG_ENABLE_MODULES = YES;
				CLANG_ENABLE_OBJC_ARC = YES;
				CLANG_ENABLE_OBJC_WEAK = YES;
				CLANG_WARN_BLOCK_CAPTURE_AUTORELEASING = YES;
				CLANG_WARN_BOOL_CONVERSION = YES;
				CLANG_WARN_COMMA = YES;
				CLANG_WARN_CONSTANT_CONVERSION = YES;
				CLANG_WARN_DEPRECATED_OBJC_IMPLEMENTATIONS = YES;
				CLANG_WARN_DIRECT_OBJC_ISA_USAGE = YES_ERROR;
				CLANG_WARN_DOCUMENTATION_COMMENTS = YES;
				CLANG_WARN_EMPTY_BODY = YES;
				CLANG_WARN_ENUM_CONVERSION = YES;
				CLANG_WARN_INFINITE_RECURSION = YES;
				CLANG_WARN_INT_CONVERSION = YES;
				CLANG_WARN_NON_LITERAL_NULL_CONVERSION = YES;
				CLANG_WARN_OBJC_IMPLICIT_RETAIN_SELF = YES;
				CLANG_WARN_OBJC_LITERAL_CONVERSION = YES;
				CLANG_WARN_OBJC_ROOT_CLASS = YES_ERROR;
				CLANG_WARN_QUOTED_INCLUDE_IN_FRAMEWORK_HEADER = YES;
				CLANG_WARN_RANGE_LOOP_ANALYSIS = YES;
				CLANG_WARN_STRICT_PROTOTYPES = YES;
				CLANG_WARN_SUSPICIOUS_MOVE = YES;
				CLANG_WARN_UNGUARDED_AVAILABILITY = YES_AGGRESSIVE;
				CLANG_WARN_UNREACHABLE_CODE = YES;
				CLANG_WARN__DUPLICATE_METHOD_MATCH = YES;
				COPY_PHASE_STRIP = NO;
				DEBUG_INFORMATION_FORMAT = "dwarf-with-dsym";
				ENABLE_NS_ASSERTIONS = NO;
				ENABLE_STRICT_OBJC_MSGSEND = YES;
				GCC_C_LANGUAGE_STANDARD = gnu11;
				GCC_NO_COMMON_BLOCKS = YES;
				GCC_WARN_64_TO_32_BIT_CONVERSION = YES;
				GCC_WARN_ABOUT_RETURN_TYPE = YES_ERROR;
				GCC_WARN_UNDECLARED_SELECTOR = YES;
				GCC_WARN_UNINITIALIZED_AUTOS = YES_AGGRESSIVE;
				GCC_WARN_UNUSED_FUNCTION = YES;
				GCC_WARN_UNUSED_VARIABLE = YES;
				IPHONEOS_DEPLOYMENT_TARGET = 16.4;
				MTL_ENABLE_DEBUG_INFO = NO;
				MTL_FAST_MATH = YES;
				SDKROOT = iphoneos;
				SWIFT_COMPILATION_MODE = wholemodule;
				SWIFT_OPTIMIZATION_LEVEL = "-O";
				VALIDATE_PRODUCT = YES;
			};
			name = Release;
		};
		45E6FEC52A9F67E3003F7E2B /* Debug */ = {
			isa = XCBuildConfiguration;
			buildSettings = {
				ASSETCATALOG_COMPILER_APPICON_NAME = AppIcon;
				ASSETCATALOG_COMPILER_GLOBAL_ACCENT_COLOR_NAME = AccentColor;
				CODE_SIGN_STYLE = Automatic;
				CURRENT_PROJECT_VERSION = 1;
				GCC_PREPROCESSOR_DEFINITIONS = "DEBUG=1 ";
				GENERATE_INFOPLIST_FILE = YES;
				INFOPLIST_FILE = alarm/Info.plist;
				INFOPLIST_KEY_NSCameraUsageDescription = "";
				INFOPLIST_KEY_NSMicrophoneUsageDescription = "";
				INFOPLIST_KEY_UIApplicationSupportsIndirectInputEvents = YES;
				INFOPLIST_KEY_UILaunchStoryboardName = LaunchScreen;
				INFOPLIST_KEY_UIMainStoryboardFile = Main;
				INFOPLIST_KEY_UISupportedInterfaceOrientations_iPad = "UIInterfaceOrientationPortrait UIInterfaceOrientationPortraitUpsideDown UIInterfaceOrientationLandscapeLeft UIInterfaceOrientationLandscapeRight";
				INFOPLIST_KEY_UISupportedInterfaceOrientations_iPhone = "UIInterfaceOrientationPortrait UIInterfaceOrientationLandscapeLeft UIInterfaceOrientationLandscapeRight";
				LD_RUNPATH_SEARCH_PATHS = (
					"$(inherited)",
					"@executable_path/Frameworks",
				);
				MARKETING_VERSION = 1.0;
				PRODUCT_BUNDLE_IDENTIFIER = first.alarm;
				PRODUCT_NAME = "$(TARGET_NAME)";
				SWIFT_EMIT_LOC_STRINGS = YES;
				SWIFT_VERSION = 5.0;
				TARGETED_DEVICE_FAMILY = "1,2";
			};
			name = Debug;
		};
		45E6FEC62A9F67E3003F7E2B /* Release */ = {
			isa = XCBuildConfiguration;
			buildSettings = {
				ASSETCATALOG_COMPILER_APPICON_NAME = AppIcon;
				ASSETCATALOG_COMPILER_GLOBAL_ACCENT_COLOR_NAME = AccentColor;
				CODE_SIGN_STYLE = Automatic;
				CURRENT_PROJECT_VERSION = 1;
				GENERATE_INFOPLIST_FILE = YES;
				INFOPLIST_FILE = alarm/Info.plist;
				INFOPLIST_KEY_NSCameraUsageDescription = "";
				INFOPLIST_KEY_NSMicrophoneUsageDescription = "";
				INFOPLIST_KEY_UIApplicationSupportsIndirectInputEvents = YES;
				INFOPLIST_KEY_UILaunchStoryboardName = LaunchScreen;
				INFOPLIST_KEY_UIMainStoryboardFile = Main;
				INFOPLIST_KEY_UISupportedInterfaceOrientations_iPad = "UIInterfaceOrientationPortrait UIInterfaceOrientationPortraitUpsideDown UIInterfaceOrientationLandscapeLeft UIInterfaceOrientationLandscapeRight";
				INFOPLIST_KEY_UISupportedInterfaceOrientations_iPhone = "UIInterfaceOrientationPortrait UIInterfaceOrientationLandscapeLeft UIInterfaceOrientationLandscapeRight";
				LD_RUNPATH_SEARCH_PATHS = (
					"$(inherited)",
					"@executable_path/Frameworks",
				);
				MARKETING_VERSION = 1.0;
				PRODUCT_BUNDLE_IDENTIFIER = first.alarm;
				PRODUCT_NAME = "$(TARGET_NAME)";
				SWIFT_EMIT_LOC_STRINGS = YES;
				SWIFT_VERSION = 5.0;
				TARGETED_DEVICE_FAMILY = "1,2";
			};
			name = Release;
		};
		45E6FEC82A9F67E3003F7E2B /* Debug */ = {
			isa = XCBuildConfiguration;
			buildSettings = {
				ALWAYS_EMBED_SWIFT_STANDARD_LIBRARIES = YES;
				BUNDLE_LOADER = "$(TEST_HOST)";
				CODE_SIGN_STYLE = Automatic;
				CURRENT_PROJECT_VERSION = 1;
				GENERATE_INFOPLIST_FILE = YES;
				IPHONEOS_DEPLOYMENT_TARGET = 16.4;
				MARKETING_VERSION = 1.0;
				PRODUCT_BUNDLE_IDENTIFIER = first.alarmTests;
				PRODUCT_NAME = "$(TARGET_NAME)";
				SWIFT_EMIT_LOC_STRINGS = NO;
				SWIFT_VERSION = 5.0;
				TARGETED_DEVICE_FAMILY = "1,2";
				TEST_HOST = "$(BUILT_PRODUCTS_DIR)/alarm.app/$(BUNDLE_EXECUTABLE_FOLDER_PATH)/alarm";
			};
			name = Debug;
		};
		45E6FEC92A9F67E3003F7E2B /* Release */ = {
			isa = XCBuildConfiguration;
			buildSettings = {
				ALWAYS_EMBED_SWIFT_STANDARD_LIBRARIES = YES;
				BUNDLE_LOADER = "$(TEST_HOST)";
				CODE_SIGN_STYLE = Automatic;
				CURRENT_PROJECT_VERSION = 1;
				GENERATE_INFOPLIST_FILE = YES;
				IPHONEOS_DEPLOYMENT_TARGET = 16.4;
				MARKETING_VERSION = 1.0;
				PRODUCT_BUNDLE_IDENTIFIER = first.alarmTests;
				PRODUCT_NAME = "$(TARGET_NAME)";
				SWIFT_EMIT_LOC_STRINGS = NO;
				SWIFT_VERSION = 5.0;
				TARGETED_DEVICE_FAMILY = "1,2";
				TEST_HOST = "$(BUILT_PRODUCTS_DIR)/alarm.app/$(BUNDLE_EXECUTABLE_FOLDER_PATH)/alarm";
			};
			name = Release;
		};
		45E6FECB2A9F67E3003F7E2B /* Debug */ = {
			isa = XCBuildConfiguration;
			buildSettings = {
				ALWAYS_EMBED_SWIFT_STANDARD_LIBRARIES = YES;
				CODE_SIGN_STYLE = Automatic;
				CURRENT_PROJECT_VERSION = 1;
				GENERATE_INFOPLIST_FILE = YES;
				MARKETING_VERSION = 1.0;
				PRODUCT_BUNDLE_IDENTIFIER = first.alarmUITests;
				PRODUCT_NAME = "$(TARGET_NAME)";
				SWIFT_EMIT_LOC_STRINGS = NO;
				SWIFT_VERSION = 5.0;
				TARGETED_DEVICE_FAMILY = "1,2";
				TEST_TARGET_NAME = alarm;
			};
			name = Debug;
		};
		45E6FECC2A9F67E3003F7E2B /* Release */ = {
			isa = XCBuildConfiguration;
			buildSettings = {
				ALWAYS_EMBED_SWIFT_STANDARD_LIBRARIES = YES;
				CODE_SIGN_STYLE = Automatic;
				CURRENT_PROJECT_VERSION = 1;
				GENERATE_INFOPLIST_FILE = YES;
				MARKETING_VERSION = 1.0;
				PRODUCT_BUNDLE_IDENTIFIER = first.alarmUITests;
				PRODUCT_NAME = "$(TARGET_NAME)";
				SWIFT_EMIT_LOC_STRINGS = NO;
				SWIFT_VERSION = 5.0;
				TARGETED_DEVICE_FAMILY = "1,2";
				TEST_TARGET_NAME = alarm;
			};
			name = Release;
		};
/* End XCBuildConfiguration section */

/* Begin XCConfigurationList section */
		45E6FE922A9F67E2003F7E2B /* Build configuration list for PBXProject "alarm" */ = {
			isa = XCConfigurationList;
			buildConfigurations = (
				45E6FEC22A9F67E3003F7E2B /* Debug */,
				45E6FEC32A9F67E3003F7E2B /* Release */,
			);
			defaultConfigurationIsVisible = 0;
			defaultConfigurationName = Release;
		};
		45E6FEC42A9F67E3003F7E2B /* Build configuration list for PBXNativeTarget "alarm" */ = {
			isa = XCConfigurationList;
			buildConfigurations = (
				45E6FEC52A9F67E3003F7E2B /* Debug */,
				45E6FEC62A9F67E3003F7E2B /* Release */,
			);
			defaultConfigurationIsVisible = 0;
			defaultConfigurationName = Release;
		};
		45E6FEC72A9F67E3003F7E2B /* Build configuration list for PBXNativeTarget "alarmTests" */ = {
			isa = XCConfigurationList;
			buildConfigurations = (
				45E6FEC82A9F67E3003F7E2B /* Debug */,
				45E6FEC92A9F67E3003F7E2B /* Release */,
			);
			defaultConfigurationIsVisible = 0;
			defaultConfigurationName = Release;
		};
		45E6FECA2A9F67E3003F7E2B /* Build configuration list for PBXNativeTarget "alarmUITests" */ = {
			isa = XCConfigurationList;
			buildConfigurations = (
				45E6FECB2A9F67E3003F7E2B /* Debug */,
				45E6FECC2A9F67E3003F7E2B /* Release */,
			);
			defaultConfigurationIsVisible = 0;
			defaultConfigurationName = Release;
		};
/* End XCConfigurationList section */

/* Begin XCVersionGroup section */
		45E6FEA32A9F67E2003F7E2B /* alarm.xcdatamodeld */ = {
			isa = XCVersionGroup;
			children = (
				45E6FEA42A9F67E2003F7E2B /* alarm.xcdatamodel */,
			);
			currentVersion = 45E6FEA42A9F67E2003F7E2B /* alarm.xcdatamodel */;
			path = alarm.xcdatamodeld;
			sourceTree = "<group>";
			versionGroupType = wrapper.xcdatamodel;
		};
/* End XCVersionGroup section */
	};
	rootObject = 45E6FE8F2A9F67E2003F7E2B /* Project object */;
}
